
Microsoft Visual Studio Solution File, Format Version 12.00
# Visual Studio Version 16
VisualStudioVersion = 16.0.32901.82
MinimumVisualStudioVersion = 10.0.40219.1
Project("{FAE04EC0-301F-11D3-BF4B-00C04F79EFBC}") = "Stok_Kontrol_Sistemi", "Frm_Giris\Stok_Kontrol_Sistemi.csproj", "{638BF49D-3FBB-44FE-B063-8B33F59CD765}"
EndProject
Global
	GlobalSection(SolutionConfigurationPlatforms) = preSolution
		Debug|Any CPU = Debug|Any CPU
		Release|Any CPU = Release|Any CPU
	EndGlobalSection
	GlobalSection(ProjectConfigurationPlatforms) = postSolution
		{638BF49D-3FBB-44FE-B063-8B33F59CD765}.Debug|Any CPU.ActiveCfg = Debug|Any CPU
		{638BF49D-3FBB-44FE-B063-8B33F59CD765}.Debug|Any CPU.Build.0 = Debug|Any CPU
		{638BF49D-3FBB-44FE-B063-8B33F59CD765}.Release|Any CPU.ActiveCfg = Release|Any CPU
		{638BF49D-3FBB-44FE-B063-8B33F59CD765}.Release|Any CPU.Build.0 = Release|Any CPU
	EndGlobalSection
	GlobalSection(SolutionProperties) = preSolution
		HideSolutionNode = FALSE
	EndGlobalSection
	GlobalSection(ExtensibilityGlobals) = postSolution
		SolutionGuid = {602ABD19-C6ED-468F-95C2-6B7C7F9B3D31}
	EndGlobalSection
EndGlobal
